
Microsoft Visual Studio Solution File, Format Version 12.00
Project("{FAE04EC0-301F-11D3-BF4B-00C04F79EFBC}") = "WebApp", "WebApp\WebApp.csproj", "{8BAEE9D2-FFDF-4656-A977-9D9247A56908}"
EndProject
Project("{FAE04EC0-301F-11D3-BF4B-00C04F79EFBC}") = "Contracts", "Contracts\Contracts.csproj", "{3711B318-10F7-47E7-BBC6-E59020D3F2B2}"
EndProject
Global
	GlobalSection(SolutionConfigurationPlatforms) = preSolution
		Debug|Any CPU = Debug|Any CPU
		Release|Any CPU = Release|Any CPU
	EndGlobalSection
	GlobalSection(ProjectConfigurationPlatforms) = postSolution
		{8BAEE9D2-FFDF-4656-A977-9D9247A56908}.Debug|Any CPU.ActiveCfg = Debug|Any CPU
		{8BAEE9D2-FFDF-4656-A977-9D9247A56908}.Debug|Any CPU.Build.0 = Debug|Any CPU
		{8BAEE9D2-FFDF-4656-A977-9D9247A56908}.Release|Any CPU.ActiveCfg = Release|Any CPU
		{8BAEE9D2-FFDF-4656-A977-9D9247A56908}.Release|Any CPU.Build.0 = Release|Any CPU
		{3711B318-10F7-47E7-BBC6-E59020D3F2B2}.Debug|Any CPU.ActiveCfg = Debug|Any CPU
		{3711B318-10F7-47E7-BBC6-E59020D3F2B2}.Debug|Any CPU.Build.0 = Debug|Any CPU
		{3711B318-10F7-47E7-BBC6-E59020D3F2B2}.Release|Any CPU.ActiveCfg = Release|Any CPU
		{3711B318-10F7-47E7-BBC6-E59020D3F2B2}.Release|Any CPU.Build.0 = Release|Any CPU
	EndGlobalSection
EndGlobal
